
Microsoft Visual Studio Solution File, Format Version 12.00
# Visual Studio 15
VisualStudioVersion = 15.0.28307.960
MinimumVisualStudioVersion = 10.0.40219.1
Project("{FAE04EC0-301F-11D3-BF4B-00C04F79EFBC}") = "VréMemory", "VréMemory\VréMemory.csproj", "{306C538B-9BB5-49C4-960E-5BB024DE8BCA}"
EndProject
Global
	GlobalSection(SolutionConfigurationPlatforms) = preSolution
		Debug|Any CPU = Debug|Any CPU
		Release|Any CPU = Release|Any CPU
	EndGlobalSection
	GlobalSection(ProjectConfigurationPlatforms) = postSolution
		{306C538B-9BB5-49C4-960E-5BB024DE8BCA}.Debug|Any CPU.ActiveCfg = Debug|Any CPU
		{306C538B-9BB5-49C4-960E-5BB024DE8BCA}.Debug|Any CPU.Build.0 = Debug|Any CPU
		{306C538B-9BB5-49C4-960E-5BB024DE8BCA}.Release|Any CPU.ActiveCfg = Release|Any CPU
		{306C538B-9BB5-49C4-960E-5BB024DE8BCA}.Release|Any CPU.Build.0 = Release|Any CPU
	EndGlobalSection
	GlobalSection(SolutionProperties) = preSolution
		HideSolutionNode = FALSE
	EndGlobalSection
	GlobalSection(ExtensibilityGlobals) = postSolution
		SolutionGuid = {8E4E5FB6-A979-4669-A31C-B2A7FFB719F9}
	EndGlobalSection
EndGlobal
